
Microsoft Visual Studio Solution File, Format Version 12.00
# Visual Studio 15
VisualStudioVersion = 15.0.27428.2037
MinimumVisualStudioVersion = 10.0.40219.1
Project("{FAE04EC0-301F-11D3-BF4B-00C04F79EFBC}") = "WinFormControls", "WinFormControls\WinFormControls.csproj", "{0E3C3E3B-1D60-483C-941F-03B661A8C5E9}"
EndProject
Project("{FAE04EC0-301F-11D3-BF4B-00C04F79EFBC}") = "Demos", "Demos\Demos.csproj", "{3DB1F453-35F8-45F1-8650-204E1AE6893A}"
EndProject
Global
	GlobalSection(SolutionConfigurationPlatforms) = preSolution
		Debug|Any CPU = Debug|Any CPU
		Release|Any CPU = Release|Any CPU
	EndGlobalSection
	GlobalSection(ProjectConfigurationPlatforms) = postSolution
		{0E3C3E3B-1D60-483C-941F-03B661A8C5E9}.Debug|Any CPU.ActiveCfg = Debug|Any CPU
		{0E3C3E3B-1D60-483C-941F-03B661A8C5E9}.Debug|Any CPU.Build.0 = Debug|Any CPU
		{0E3C3E3B-1D60-483C-941F-03B661A8C5E9}.Release|Any CPU.ActiveCfg = Release|Any CPU
		{0E3C3E3B-1D60-483C-941F-03B661A8C5E9}.Release|Any CPU.Build.0 = Release|Any CPU
		{3DB1F453-35F8-45F1-8650-204E1AE6893A}.Debug|Any CPU.ActiveCfg = Debug|Any CPU
		{3DB1F453-35F8-45F1-8650-204E1AE6893A}.Debug|Any CPU.Build.0 = Debug|Any CPU
		{3DB1F453-35F8-45F1-8650-204E1AE6893A}.Release|Any CPU.ActiveCfg = Release|Any CPU
		{3DB1F453-35F8-45F1-8650-204E1AE6893A}.Release|Any CPU.Build.0 = Release|Any CPU
	EndGlobalSection
	GlobalSection(SolutionProperties) = preSolution
		HideSolutionNode = FALSE
	EndGlobalSection
	GlobalSection(ExtensibilityGlobals) = postSolution
		SolutionGuid = {CB141623-86C8-4925-9776-AB2949320CA4}
	EndGlobalSection
EndGlobal
